{
  "name": "barn-lights-udp-sender",
  "version": "1.0.0",
  "lockfileVersion": 3,
  "requires": true,
  "packages": {
    "": {
      "name": "barn-lights-udp-sender",
      "version": "1.0.0",
      "license": "ISC",
      "bin": {
        "lights-sender": "bin/lights-sender"
      }
    }
  }
}
